
Microsoft Visual Studio Solution File, Format Version 12.00
# Visual Studio Version 17
VisualStudioVersion = 17.5.33627.172
MinimumVisualStudioVersion = 10.0.40219.1
Project("{FAE04EC0-301F-11D3-BF4B-00C04F79EFBC}") = "AppConsole", "AppConsole\AppConsole.csproj", "{984F58AD-1EAB-480A-8BCE-0BA3BE48DCB9}"
EndProject
Global
	GlobalSection(SolutionConfigurationPlatforms) = preSolution
		Debug|Any CPU = Debug|Any CPU
		Release|Any CPU = Release|Any CPU
	EndGlobalSection
	GlobalSection(ProjectConfigurationPlatforms) = postSolution
		{984F58AD-1EAB-480A-8BCE-0BA3BE48DCB9}.Debug|Any CPU.ActiveCfg = Debug|Any CPU
		{984F58AD-1EAB-480A-8BCE-0BA3BE48DCB9}.Debug|Any CPU.Build.0 = Debug|Any CPU
		{984F58AD-1EAB-480A-8BCE-0BA3BE48DCB9}.Release|Any CPU.ActiveCfg = Release|Any CPU
		{984F58AD-1EAB-480A-8BCE-0BA3BE48DCB9}.Release|Any CPU.Build.0 = Release|Any CPU
	EndGlobalSection
	GlobalSection(SolutionProperties) = preSolution
		HideSolutionNode = FALSE
	EndGlobalSection
	GlobalSection(ExtensibilityGlobals) = postSolution
		SolutionGuid = {5B2435D8-0D9A-4D2D-AFDF-37109710774B}
	EndGlobalSection
EndGlobal
